
Microsoft Visual Studio Solution File, Format Version 12.00
# Visual Studio Version 16
VisualStudioVersion = 16.0.31702.278
MinimumVisualStudioVersion = 10.0.40219.1
Project("{FAE04EC0-301F-11D3-BF4B-00C04F79EFBC}") = "Matrizes_Aula_79", "Matrizes_Aula_79\Matrizes_Aula_79.csproj", "{A32FE012-516C-463A-BD83-C9544133FF08}"
EndProject
Global
	GlobalSection(SolutionConfigurationPlatforms) = preSolution
		Debug|Any CPU = Debug|Any CPU
		Release|Any CPU = Release|Any CPU
	EndGlobalSection
	GlobalSection(ProjectConfigurationPlatforms) = postSolution
		{A32FE012-516C-463A-BD83-C9544133FF08}.Debug|Any CPU.ActiveCfg = Debug|Any CPU
		{A32FE012-516C-463A-BD83-C9544133FF08}.Debug|Any CPU.Build.0 = Debug|Any CPU
		{A32FE012-516C-463A-BD83-C9544133FF08}.Release|Any CPU.ActiveCfg = Release|Any CPU
		{A32FE012-516C-463A-BD83-C9544133FF08}.Release|Any CPU.Build.0 = Release|Any CPU
	EndGlobalSection
	GlobalSection(SolutionProperties) = preSolution
		HideSolutionNode = FALSE
	EndGlobalSection
	GlobalSection(ExtensibilityGlobals) = postSolution
		SolutionGuid = {BAB16D85-227B-4D19-BA54-3E6F7CAA32BB}
	EndGlobalSection
EndGlobal
