
Microsoft Visual Studio Solution File, Format Version 12.00
# Visual Studio Version 16
VisualStudioVersion = 16.0.31313.79
MinimumVisualStudioVersion = 10.0.40219.1
Project("{FAE04EC0-301F-11D3-BF4B-00C04F79EFBC}") = "Uri-1115", "Uri-1115\Uri-1115.csproj", "{17058385-344C-44B3-A94A-417480086EC9}"
EndProject
Global
	GlobalSection(SolutionConfigurationPlatforms) = preSolution
		Debug|Any CPU = Debug|Any CPU
		Release|Any CPU = Release|Any CPU
	EndGlobalSection
	GlobalSection(ProjectConfigurationPlatforms) = postSolution
		{17058385-344C-44B3-A94A-417480086EC9}.Debug|Any CPU.ActiveCfg = Debug|Any CPU
		{17058385-344C-44B3-A94A-417480086EC9}.Debug|Any CPU.Build.0 = Debug|Any CPU
		{17058385-344C-44B3-A94A-417480086EC9}.Release|Any CPU.ActiveCfg = Release|Any CPU
		{17058385-344C-44B3-A94A-417480086EC9}.Release|Any CPU.Build.0 = Release|Any CPU
	EndGlobalSection
	GlobalSection(SolutionProperties) = preSolution
		HideSolutionNode = FALSE
	EndGlobalSection
	GlobalSection(ExtensibilityGlobals) = postSolution
		SolutionGuid = {B8EDEC8F-9601-437E-A1EE-935DB59189ED}
	EndGlobalSection
EndGlobal
