
Microsoft Visual Studio Solution File, Format Version 12.00
# Visual Studio Version 16
VisualStudioVersion = 16.0.31702.278
MinimumVisualStudioVersion = 10.0.40219.1
Project("{FAE04EC0-301F-11D3-BF4B-00C04F79EFBC}") = "Aula_88", "Aula_88\Aula_88.csproj", "{C4D1E60B-2ABA-4FA4-891B-DAF73AD9B43C}"
EndProject
Global
	GlobalSection(SolutionConfigurationPlatforms) = preSolution
		Debug|Any CPU = Debug|Any CPU
		Release|Any CPU = Release|Any CPU
	EndGlobalSection
	GlobalSection(ProjectConfigurationPlatforms) = postSolution
		{C4D1E60B-2ABA-4FA4-891B-DAF73AD9B43C}.Debug|Any CPU.ActiveCfg = Debug|Any CPU
		{C4D1E60B-2ABA-4FA4-891B-DAF73AD9B43C}.Debug|Any CPU.Build.0 = Debug|Any CPU
		{C4D1E60B-2ABA-4FA4-891B-DAF73AD9B43C}.Release|Any CPU.ActiveCfg = Release|Any CPU
		{C4D1E60B-2ABA-4FA4-891B-DAF73AD9B43C}.Release|Any CPU.Build.0 = Release|Any CPU
	EndGlobalSection
	GlobalSection(SolutionProperties) = preSolution
		HideSolutionNode = FALSE
	EndGlobalSection
	GlobalSection(ExtensibilityGlobals) = postSolution
		SolutionGuid = {9F3F8929-7F44-4A22-9D49-68E66922BF7E}
	EndGlobalSection
EndGlobal
