
Microsoft Visual Studio Solution File, Format Version 12.00
# Visual Studio Version 16
VisualStudioVersion = 16.0.31205.134
MinimumVisualStudioVersion = 10.0.40219.1
Project("{FAE04EC0-301F-11D3-BF4B-00C04F79EFBC}") = "operadores", "operadores\operadores.csproj", "{87C28EC9-03EC-4A74-917B-FCF5ABE292C7}"
EndProject
Global
	GlobalSection(SolutionConfigurationPlatforms) = preSolution
		Debug|Any CPU = Debug|Any CPU
		Release|Any CPU = Release|Any CPU
	EndGlobalSection
	GlobalSection(ProjectConfigurationPlatforms) = postSolution
		{87C28EC9-03EC-4A74-917B-FCF5ABE292C7}.Debug|Any CPU.ActiveCfg = Debug|Any CPU
		{87C28EC9-03EC-4A74-917B-FCF5ABE292C7}.Debug|Any CPU.Build.0 = Debug|Any CPU
		{87C28EC9-03EC-4A74-917B-FCF5ABE292C7}.Release|Any CPU.ActiveCfg = Release|Any CPU
		{87C28EC9-03EC-4A74-917B-FCF5ABE292C7}.Release|Any CPU.Build.0 = Release|Any CPU
	EndGlobalSection
	GlobalSection(SolutionProperties) = preSolution
		HideSolutionNode = FALSE
	EndGlobalSection
	GlobalSection(ExtensibilityGlobals) = postSolution
		SolutionGuid = {3D07853D-BECC-48BD-8A02-CBCB8E723CD1}
	EndGlobalSection
EndGlobal
