
Microsoft Visual Studio Solution File, Format Version 12.00
# Visual Studio Version 16
VisualStudioVersion = 16.0.31205.134
MinimumVisualStudioVersion = 10.0.40219.1
Project("{FAE04EC0-301F-11D3-BF4B-00C04F79EFBC}") = "Uri-1044", "Uri-1044\Uri-1044.csproj", "{EFBAE737-5307-45ED-AE13-06BEDA402824}"
EndProject
Global
	GlobalSection(SolutionConfigurationPlatforms) = preSolution
		Debug|Any CPU = Debug|Any CPU
		Release|Any CPU = Release|Any CPU
	EndGlobalSection
	GlobalSection(ProjectConfigurationPlatforms) = postSolution
		{EFBAE737-5307-45ED-AE13-06BEDA402824}.Debug|Any CPU.ActiveCfg = Debug|Any CPU
		{EFBAE737-5307-45ED-AE13-06BEDA402824}.Debug|Any CPU.Build.0 = Debug|Any CPU
		{EFBAE737-5307-45ED-AE13-06BEDA402824}.Release|Any CPU.ActiveCfg = Release|Any CPU
		{EFBAE737-5307-45ED-AE13-06BEDA402824}.Release|Any CPU.Build.0 = Release|Any CPU
	EndGlobalSection
	GlobalSection(SolutionProperties) = preSolution
		HideSolutionNode = FALSE
	EndGlobalSection
	GlobalSection(ExtensibilityGlobals) = postSolution
		SolutionGuid = {626BAFB6-734C-43DE-AFEE-7F4F983FE119}
	EndGlobalSection
EndGlobal
