
Microsoft Visual Studio Solution File, Format Version 12.00
# Visual Studio Version 16
VisualStudioVersion = 16.0.31229.75
MinimumVisualStudioVersion = 10.0.40219.1
Project("{FAE04EC0-301F-11D3-BF4B-00C04F79EFBC}") = "Uri-1020", "Uri-1020\Uri-1020.csproj", "{9C4035E0-4F60-42D9-8194-2F6D2397D4FE}"
EndProject
Global
	GlobalSection(SolutionConfigurationPlatforms) = preSolution
		Debug|Any CPU = Debug|Any CPU
		Release|Any CPU = Release|Any CPU
	EndGlobalSection
	GlobalSection(ProjectConfigurationPlatforms) = postSolution
		{9C4035E0-4F60-42D9-8194-2F6D2397D4FE}.Debug|Any CPU.ActiveCfg = Debug|Any CPU
		{9C4035E0-4F60-42D9-8194-2F6D2397D4FE}.Debug|Any CPU.Build.0 = Debug|Any CPU
		{9C4035E0-4F60-42D9-8194-2F6D2397D4FE}.Release|Any CPU.ActiveCfg = Release|Any CPU
		{9C4035E0-4F60-42D9-8194-2F6D2397D4FE}.Release|Any CPU.Build.0 = Release|Any CPU
	EndGlobalSection
	GlobalSection(SolutionProperties) = preSolution
		HideSolutionNode = FALSE
	EndGlobalSection
	GlobalSection(ExtensibilityGlobals) = postSolution
		SolutionGuid = {4C9ABE9A-B9A8-4617-8AB5-DC4715CA95AF}
	EndGlobalSection
EndGlobal
