
Microsoft Visual Studio Solution File, Format Version 12.00
# Visual Studio Version 16
VisualStudioVersion = 16.0.31702.278
MinimumVisualStudioVersion = 10.0.40219.1
Project("{FAE04EC0-301F-11D3-BF4B-00C04F79EFBC}") = "Exercicio01", "Exercicio01\Exercicio01.csproj", "{D7DE0D43-CB49-411D-BC75-0E3671F27D13}"
EndProject
Global
	GlobalSection(SolutionConfigurationPlatforms) = preSolution
		Debug|Any CPU = Debug|Any CPU
		Release|Any CPU = Release|Any CPU
	EndGlobalSection
	GlobalSection(ProjectConfigurationPlatforms) = postSolution
		{D7DE0D43-CB49-411D-BC75-0E3671F27D13}.Debug|Any CPU.ActiveCfg = Debug|Any CPU
		{D7DE0D43-CB49-411D-BC75-0E3671F27D13}.Debug|Any CPU.Build.0 = Debug|Any CPU
		{D7DE0D43-CB49-411D-BC75-0E3671F27D13}.Release|Any CPU.ActiveCfg = Release|Any CPU
		{D7DE0D43-CB49-411D-BC75-0E3671F27D13}.Release|Any CPU.Build.0 = Release|Any CPU
	EndGlobalSection
	GlobalSection(SolutionProperties) = preSolution
		HideSolutionNode = FALSE
	EndGlobalSection
	GlobalSection(ExtensibilityGlobals) = postSolution
		SolutionGuid = {4B94111E-A4FD-4F95-A334-C20AE24DAD56}
	EndGlobalSection
EndGlobal
